
Microsoft Visual Studio Solution File, Format Version 12.00
# Visual Studio 15
VisualStudioVersion = 15.0.27004.2005
MinimumVisualStudioVersion = 10.0.40219.1
Project("{FAE04EC0-301F-11D3-BF4B-00C04F79EFBC}") = "True_Banker", "True_Banker\True_Banker.csproj", "{19C362F6-03F1-45B2-B6E9-7AB8DDA1D548}"
EndProject
Project("{FAE04EC0-301F-11D3-BF4B-00C04F79EFBC}") = "Sorter", "Sorter\Sorter.csproj", "{229F80FB-68A0-42E0-A437-9728CAF4F801}"
EndProject
Global
	GlobalSection(SolutionConfigurationPlatforms) = preSolution
		Debug|Any CPU = Debug|Any CPU
		Release|Any CPU = Release|Any CPU
	EndGlobalSection
	GlobalSection(ProjectConfigurationPlatforms) = postSolution
		{19C362F6-03F1-45B2-B6E9-7AB8DDA1D548}.Debug|Any CPU.ActiveCfg = Debug|Any CPU
		{19C362F6-03F1-45B2-B6E9-7AB8DDA1D548}.Debug|Any CPU.Build.0 = Debug|Any CPU
		{19C362F6-03F1-45B2-B6E9-7AB8DDA1D548}.Release|Any CPU.ActiveCfg = Release|Any CPU
		{19C362F6-03F1-45B2-B6E9-7AB8DDA1D548}.Release|Any CPU.Build.0 = Release|Any CPU
		{229F80FB-68A0-42E0-A437-9728CAF4F801}.Debug|Any CPU.ActiveCfg = Debug|Any CPU
		{229F80FB-68A0-42E0-A437-9728CAF4F801}.Debug|Any CPU.Build.0 = Debug|Any CPU
		{229F80FB-68A0-42E0-A437-9728CAF4F801}.Release|Any CPU.ActiveCfg = Release|Any CPU
		{229F80FB-68A0-42E0-A437-9728CAF4F801}.Release|Any CPU.Build.0 = Release|Any CPU
	EndGlobalSection
	GlobalSection(SolutionProperties) = preSolution
		HideSolutionNode = FALSE
	EndGlobalSection
	GlobalSection(ExtensibilityGlobals) = postSolution
		SolutionGuid = {C53004A1-D5D6-4783-9497-68017EBCC03A}
	EndGlobalSection
EndGlobal
